// !$*UTF8*$!
{
	archiveVersion = 1;
	classes = {
	};
	objectVersion = 50;
	objects = {

/* Begin PBXBuildFile section */
		D7CF870E20CF25DA007D107D /* NOTES.swift in Sources */ = {isa = PBXBuildFile; fileRef = D7CF870D20CF25DA007D107D /* NOTES.swift */; };
		D7CF871020CF25FB007D107D /* NOTES.c in Sources */ = {isa = PBXBuildFile; fileRef = D7CF870F20CF25FB007D107D /* NOTES.c */; };
		D7CF871220CF2612007D107D /* NOTES.cpp in Sources */ = {isa = PBXBuildFile; fileRef = D7CF871120CF2612007D107D /* NOTES.cpp */; };
		D7CF871420CF262B007D107D /* NOTES.metal in Sources */ = {isa = PBXBuildFile; fileRef = D7CF871320CF262B007D107D /* NOTES.metal */; };
		D7F8017B20CF1C3B00B8CA7F /* AppDelegate.swift in Sources */ = {isa = PBXBuildFile; fileRef = D7F8017A20CF1C3B00B8CA7F /* AppDelegate.swift */; };
		D7F8017E20CF1C3B00B8CA7F /* Congressional_App_Challenge_2018.xcdatamodeld in Sources */ = {isa = PBXBuildFile; fileRef = D7F8017C20CF1C3B00B8CA7F /* Congressional_App_Challenge_2018.xcdatamodeld */; };
		D7F8018020CF1C3B00B8CA7F /* MasterViewController.swift in Sources */ = {isa = PBXBuildFile; fileRef = D7F8017F20CF1C3B00B8CA7F /* MasterViewController.swift */; };
		D7F8018220CF1C3B00B8CA7F /* DetailViewController.swift in Sources */ = {isa = PBXBuildFile; fileRef = D7F8018120CF1C3B00B8CA7F /* DetailViewController.swift */; };
		D7F8018520CF1C3B00B8CA7F /* Main.storyboard in Resources */ = {isa = PBXBuildFile; fileRef = D7F8018320CF1C3B00B8CA7F /* Main.storyboard */; };
		D7F8018720CF1C3D00B8CA7F /* Assets.xcassets in Resources */ = {isa = PBXBuildFile; fileRef = D7F8018620CF1C3D00B8CA7F /* Assets.xcassets */; };
		D7F8018A20CF1C3D00B8CA7F /* LaunchScreen.storyboard in Resources */ = {isa = PBXBuildFile; fileRef = D7F8018820CF1C3D00B8CA7F /* LaunchScreen.storyboard */; };
		D7F8019520CF1C3D00B8CA7F /* Congressional_App_Challenge_2018Tests.swift in Sources */ = {isa = PBXBuildFile; fileRef = D7F8019420CF1C3D00B8CA7F /* Congressional_App_Challenge_2018Tests.swift */; };
		D7F801A020CF1C3D00B8CA7F /* Congressional_App_Challenge_2018UITests.swift in Sources */ = {isa = PBXBuildFile; fileRef = D7F8019F20CF1C3D00B8CA7F /* Congressional_App_Challenge_2018UITests.swift */; };
		D7F801B120CF226300B8CA7F /* feedback.c in Sources */ = {isa = PBXBuildFile; fileRef = D7F801B020CF226300B8CA7F /* feedback.c */; };
		D7F801B620CF22B500B8CA7F /* codetracking.c in Sources */ = {isa = PBXBuildFile; fileRef = D7F801B520CF22B500B8CA7F /* codetracking.c */; };
		D7F801BA20CF22EC00B8CA7F /* compiledebugging.cpp in Sources */ = {isa = PBXBuildFile; fileRef = D7F801B820CF22EC00B8CA7F /* compiledebugging.cpp */; };
/* End PBXBuildFile section */

/* Begin PBXContainerItemProxy section */
		D7F8019120CF1C3D00B8CA7F /* PBXContainerItemProxy */ = {
			isa = PBXContainerItemProxy;
			containerPortal = D7F8016F20CF1C3B00B8CA7F /* Project object */;
			proxyType = 1;
			remoteGlobalIDString = D7F8017620CF1C3B00B8CA7F;
			remoteInfo = "Congressional App Challenge 2018";
		};
		D7F8019C20CF1C3D00B8CA7F /* PBXContainerItemProxy */ = {
			isa = PBXContainerItemProxy;
			containerPortal = D7F8016F20CF1C3B00B8CA7F /* Project object */;
			proxyType = 1;
			remoteGlobalIDString = D7F8017620CF1C3B00B8CA7F;
			remoteInfo = "Congressional App Challenge 2018";
		};
/* End PBXContainerItemProxy section */

/* Begin PBXFileReference section */
		D764505820CF24B000490D0A /* header.h */ = {isa = PBXFileReference; lastKnownFileType = sourcecode.c.h; path = header.h; sourceTree = "<group>"; };
		D7CF870C20CF25B8007D107D /* NOTES.h */ = {isa = PBXFileReference; lastKnownFileType = sourcecode.c.h; path = NOTES.h; sourceTree = "<group>"; };
		D7CF870D20CF25DA007D107D /* NOTES.swift */ = {isa = PBXFileReference; lastKnownFileType = sourcecode.swift; path = NOTES.swift; sourceTree = "<group>"; };
		D7CF870F20CF25FB007D107D /* NOTES.c */ = {isa = PBXFileReference; lastKnownFileType = sourcecode.c.c; path = NOTES.c; sourceTree = "<group>"; };
		D7CF871120CF2612007D107D /* NOTES.cpp */ = {isa = PBXFileReference; lastKnownFileType = sourcecode.cpp.cpp; path = NOTES.cpp; sourceTree = "<group>"; };
		D7CF871320CF262B007D107D /* NOTES.metal */ = {isa = PBXFileReference; lastKnownFileType = sourcecode.metal; path = NOTES.metal; sourceTree = "<group>"; };
		D7F8017720CF1C3B00B8CA7F /* Congressional App Challenge 2018.app */ = {isa = PBXFileReference; explicitFileType = wrapper.application; includeInIndex = 0; path = "Congressional App Challenge 2018.app"; sourceTree = BUILT_PRODUCTS_DIR; };
		D7F8017A20CF1C3B00B8CA7F /* AppDelegate.swift */ = {isa = PBXFileReference; lastKnownFileType = sourcecode.swift; path = AppDelegate.swift; sourceTree = "<group>"; };
		D7F8017D20CF1C3B00B8CA7F /* Congressional_App_Challenge_2018.xcdatamodel */ = {isa = PBXFileReference; lastKnownFileType = wrapper.xcdatamodel; path = Congressional_App_Challenge_2018.xcdatamodel; sourceTree = "<group>"; };
		D7F8017F20CF1C3B00B8CA7F /* MasterViewController.swift */ = {isa = PBXFileReference; lastKnownFileType = sourcecode.swift; path = MasterViewController.swift; sourceTree = "<group>"; };
		D7F8018120CF1C3B00B8CA7F /* DetailViewController.swift */ = {isa = PBXFileReference; lastKnownFileType = sourcecode.swift; path = DetailViewController.swift; sourceTree = "<group>"; };
		D7F8018420CF1C3B00B8CA7F /* Base */ = {isa = PBXFileReference; lastKnownFileType = file.storyboard; name = Base; path = Base.lproj/Main.storyboard; sourceTree = "<group>"; };
		D7F8018620CF1C3D00B8CA7F /* Assets.xcassets */ = {isa = PBXFileReference; lastKnownFileType = folder.assetcatalog; path = Assets.xcassets; sourceTree = "<group>"; };
		D7F8018920CF1C3D00B8CA7F /* Base */ = {isa = PBXFileReference; lastKnownFileType = file.storyboard; name = Base; path = Base.lproj/LaunchScreen.storyboard; sourceTree = "<group>"; };
		D7F8018B20CF1C3D00B8CA7F /* Info.plist */ = {isa = PBXFileReference; lastKnownFileType = text.plist.xml; path = Info.plist; sourceTree = "<group>"; };
		D7F8019020CF1C3D00B8CA7F /* Congressional App Challenge 2018Tests.xctest */ = {isa = PBXFileReference; explicitFileType = wrapper.cfbundle; includeInIndex = 0; path = "Congressional App Challenge 2018Tests.xctest"; sourceTree = BUILT_PRODUCTS_DIR; };
		D7F8019420CF1C3D00B8CA7F /* Congressional_App_Challenge_2018Tests.swift */ = {isa = PBXFileReference; lastKnownFileType = sourcecode.swift; path = Congressional_App_Challenge_2018Tests.swift; sourceTree = "<group>"; };
		D7F8019620CF1C3D00B8CA7F /* Info.plist */ = {isa = PBXFileReference; lastKnownFileType = text.plist.xml; path = Info.plist; sourceTree = "<group>"; };
		D7F8019B20CF1C3D00B8CA7F /* Congressional App Challenge 2018UITests.xctest */ = {isa = PBXFileReference; explicitFileType = wrapper.cfbundle; includeInIndex = 0; path = "Congressional App Challenge 2018UITests.xctest"; sourceTree = BUILT_PRODUCTS_DIR; };
		D7F8019F20CF1C3D00B8CA7F /* Congressional_App_Challenge_2018UITests.swift */ = {isa = PBXFileReference; lastKnownFileType = sourcecode.swift; path = Congressional_App_Challenge_2018UITests.swift; sourceTree = "<group>"; };
		D7F801A120CF1C3D00B8CA7F /* Info.plist */ = {isa = PBXFileReference; lastKnownFileType = text.plist.xml; path = Info.plist; sourceTree = "<group>"; };
		D7F801AE20CF226300B8CA7F /* Congressional App Challenge 2018-Bridging-Header.h */ = {isa = PBXFileReference; lastKnownFileType = sourcecode.c.h; path = "Congressional App Challenge 2018-Bridging-Header.h"; sourceTree = "<group>"; };
		D7F801AF20CF226300B8CA7F /* feedback.h */ = {isa = PBXFileReference; lastKnownFileType = sourcecode.c.h; path = feedback.h; sourceTree = "<group>"; };
		D7F801B020CF226300B8CA7F /* feedback.c */ = {isa = PBXFileReference; lastKnownFileType = sourcecode.c.c; path = feedback.c; sourceTree = "<group>"; };
		D7F801B420CF22B500B8CA7F /* codetracking.h */ = {isa = PBXFileReference; lastKnownFileType = sourcecode.c.h; path = codetracking.h; sourceTree = "<group>"; };
		D7F801B520CF22B500B8CA7F /* codetracking.c */ = {isa = PBXFileReference; lastKnownFileType = sourcecode.c.c; path = codetracking.c; sourceTree = "<group>"; };
		D7F801B820CF22EC00B8CA7F /* compiledebugging.cpp */ = {isa = PBXFileReference; lastKnownFileType = sourcecode.cpp.cpp; path = compiledebugging.cpp; sourceTree = "<group>"; };
		D7F801B920CF22EC00B8CA7F /* compiledebugging.hpp */ = {isa = PBXFileReference; lastKnownFileType = sourcecode.cpp.h; path = compiledebugging.hpp; sourceTree = "<group>"; };
		D7F801BB20CF230900B8CA7F /* header.h */ = {isa = PBXFileReference; lastKnownFileType = sourcecode.c.h; path = header.h; sourceTree = "<group>"; };
		D7F801BC20CF232500B8CA7F /* header.h */ = {isa = PBXFileReference; lastKnownFileType = sourcecode.c.h; path = header.h; sourceTree = "<group>"; };
/* End PBXFileReference section */

/* Begin PBXFrameworksBuildPhase section */
		D7F8017420CF1C3B00B8CA7F /* Frameworks */ = {
			isa = PBXFrameworksBuildPhase;
			buildActionMask = 2147483647;
			files = (
			);
			runOnlyForDeploymentPostprocessing = 0;
		};
		D7F8018D20CF1C3D00B8CA7F /* Frameworks */ = {
			isa = PBXFrameworksBuildPhase;
			buildActionMask = 2147483647;
			files = (
			);
			runOnlyForDeploymentPostprocessing = 0;
		};
		D7F8019820CF1C3D00B8CA7F /* Frameworks */ = {
			isa = PBXFrameworksBuildPhase;
			buildActionMask = 2147483647;
			files = (
			);
			runOnlyForDeploymentPostprocessing = 0;
		};
/* End PBXFrameworksBuildPhase section */

/* Begin PBXGroup section */
		D764505420CF23DF00490D0A /* SCENES */ = {
			isa = PBXGroup;
			children = (
				D764505620CF241300490D0A /* INITIAL LOAD */,
				D764505520CF23F400490D0A /* LOADING SCREEN */,
			);
			path = SCENES;
			sourceTree = "<group>";
		};
		D764505520CF23F400490D0A /* LOADING SCREEN */ = {
			isa = PBXGroup;
			children = (
				D7F8018820CF1C3D00B8CA7F /* LaunchScreen.storyboard */,
			);
			path = "LOADING SCREEN";
			sourceTree = "<group>";
		};
		D764505620CF241300490D0A /* INITIAL LOAD */ = {
			isa = PBXGroup;
			children = (
				D7F8017F20CF1C3B00B8CA7F /* MasterViewController.swift */,
				D7F8018120CF1C3B00B8CA7F /* DetailViewController.swift */,
				D7F8018320CF1C3B00B8CA7F /* Main.storyboard */,
			);
			path = "INITIAL LOAD";
			sourceTree = "<group>";
		};
		D764505720CF242B00490D0A /* DELEGATES */ = {
			isa = PBXGroup;
			children = (
				D7F8017A20CF1C3B00B8CA7F /* AppDelegate.swift */,
			);
			path = DELEGATES;
			sourceTree = "<group>";
		};
		D7CF870B20CF2590007D107D /* NOTES */ = {
			isa = PBXGroup;
			children = (
				D7CF870C20CF25B8007D107D /* NOTES.h */,
				D7CF870D20CF25DA007D107D /* NOTES.swift */,
				D7CF870F20CF25FB007D107D /* NOTES.c */,
				D7CF871120CF2612007D107D /* NOTES.cpp */,
				D7CF871320CF262B007D107D /* NOTES.metal */,
			);
			path = NOTES;
			sourceTree = "<group>";
		};
		D7F8016E20CF1C3B00B8CA7F = {
			isa = PBXGroup;
			children = (
				D7F8017920CF1C3B00B8CA7F /* Congressional App Challenge 2018 */,
				D7F8019320CF1C3D00B8CA7F /* Congressional App Challenge 2018Tests */,
				D7F8019E20CF1C3D00B8CA7F /* Congressional App Challenge 2018UITests */,
				D7F8017820CF1C3B00B8CA7F /* Products */,
			);
			sourceTree = "<group>";
		};
		D7F8017820CF1C3B00B8CA7F /* Products */ = {
			isa = PBXGroup;
			children = (
				D7F8017720CF1C3B00B8CA7F /* Congressional App Challenge 2018.app */,
				D7F8019020CF1C3D00B8CA7F /* Congressional App Challenge 2018Tests.xctest */,
				D7F8019B20CF1C3D00B8CA7F /* Congressional App Challenge 2018UITests.xctest */,
			);
			name = Products;
			sourceTree = "<group>";
		};
		D7F8017920CF1C3B00B8CA7F /* Congressional App Challenge 2018 */ = {
			isa = PBXGroup;
			children = (
				D7CF870B20CF2590007D107D /* NOTES */,
				D764505720CF242B00490D0A /* DELEGATES */,
				D764505420CF23DF00490D0A /* SCENES */,
				D7F801AD20CF223E00B8CA7F /* TERMINAL-DEBUGGING */,
				D7F8018620CF1C3D00B8CA7F /* Assets.xcassets */,
				D7F8018B20CF1C3D00B8CA7F /* Info.plist */,
				D7F8017C20CF1C3B00B8CA7F /* Congressional_App_Challenge_2018.xcdatamodeld */,
			);
			path = "Congressional App Challenge 2018";
			sourceTree = "<group>";
		};
		D7F8019320CF1C3D00B8CA7F /* Congressional App Challenge 2018Tests */ = {
			isa = PBXGroup;
			children = (
				D7F8019420CF1C3D00B8CA7F /* Congressional_App_Challenge_2018Tests.swift */,
				D7F8019620CF1C3D00B8CA7F /* Info.plist */,
			);
			path = "Congressional App Challenge 2018Tests";
			sourceTree = "<group>";
		};
		D7F8019E20CF1C3D00B8CA7F /* Congressional App Challenge 2018UITests */ = {
			isa = PBXGroup;
			children = (
				D7F8019F20CF1C3D00B8CA7F /* Congressional_App_Challenge_2018UITests.swift */,
				D7F801A120CF1C3D00B8CA7F /* Info.plist */,
			);
			path = "Congressional App Challenge 2018UITests";
			sourceTree = "<group>";
		};
		D7F801AD20CF223E00B8CA7F /* TERMINAL-DEBUGGING */ = {
			isa = PBXGroup;
			children = (
				D7F801AE20CF226300B8CA7F /* Congressional App Challenge 2018-Bridging-Header.h */,
				D7F801B720CF22C800B8CA7F /* COMPILE-DEBUGGING */,
				D7F801B320CF229000B8CA7F /* CODE-TRACKING */,
				D7F801B220CF227F00B8CA7F /* FEEDBACK */,
			);
			path = "TERMINAL-DEBUGGING";
			sourceTree = "<group>";
		};
		D7F801B220CF227F00B8CA7F /* FEEDBACK */ = {
			isa = PBXGroup;
			children = (
				D7F801AF20CF226300B8CA7F /* feedback.h */,
				D7F801B020CF226300B8CA7F /* feedback.c */,
				D764505820CF24B000490D0A /* header.h */,
			);
			path = FEEDBACK;
			sourceTree = "<group>";
		};
		D7F801B320CF229000B8CA7F /* CODE-TRACKING */ = {
			isa = PBXGroup;
			children = (
				D7F801B420CF22B500B8CA7F /* codetracking.h */,
				D7F801B520CF22B500B8CA7F /* codetracking.c */,
				D7F801BB20CF230900B8CA7F /* header.h */,
			);
			path = "CODE-TRACKING";
			sourceTree = "<group>";
		};
		D7F801B720CF22C800B8CA7F /* COMPILE-DEBUGGING */ = {
			isa = PBXGroup;
			children = (
				D7F801B820CF22EC00B8CA7F /* compiledebugging.cpp */,
				D7F801B920CF22EC00B8CA7F /* compiledebugging.hpp */,
				D7F801BC20CF232500B8CA7F /* header.h */,
			);
			path = "COMPILE-DEBUGGING";
			sourceTree = "<group>";
		};
/* End PBXGroup section */

/* Begin PBXNativeTarget section */
		D7F8017620CF1C3B00B8CA7F /* Congressional App Challenge 2018 */ = {
			isa = PBXNativeTarget;
			buildConfigurationList = D7F801A420CF1C3D00B8CA7F /* Build configuration list for PBXNativeTarget "Congressional App Challenge 2018" */;
			buildPhases = (
				D7F8017320CF1C3B00B8CA7F /* Sources */,
				D7F8017420CF1C3B00B8CA7F /* Frameworks */,
				D7F8017520CF1C3B00B8CA7F /* Resources */,
			);
			buildRules = (
			);
			dependencies = (
			);
			name = "Congressional App Challenge 2018";
			productName = "Congressional App Challenge 2018";
			productReference = D7F8017720CF1C3B00B8CA7F /* Congressional App Challenge 2018.app */;
			productType = "com.apple.product-type.application";
		};
		D7F8018F20CF1C3D00B8CA7F /* Congressional App Challenge 2018Tests */ = {
			isa = PBXNativeTarget;
			buildConfigurationList = D7F801A720CF1C3D00B8CA7F /* Build configuration list for PBXNativeTarget "Congressional App Challenge 2018Tests" */;
			buildPhases = (
				D7F8018C20CF1C3D00B8CA7F /* Sources */,
				D7F8018D20CF1C3D00B8CA7F /* Frameworks */,
				D7F8018E20CF1C3D00B8CA7F /* Resources */,
			);
			buildRules = (
			);
			dependencies = (
				D7F8019220CF1C3D00B8CA7F /* PBXTargetDependency */,
			);
			name = "Congressional App Challenge 2018Tests";
			productName = "Congressional App Challenge 2018Tests";
			productReference = D7F8019020CF1C3D00B8CA7F /* Congressional App Challenge 2018Tests.xctest */;
			productType = "com.apple.product-type.bundle.unit-test";
		};
		D7F8019A20CF1C3D00B8CA7F /* Congressional App Challenge 2018UITests */ = {
			isa = PBXNativeTarget;
			buildConfigurationList = D7F801AA20CF1C3D00B8CA7F /* Build configuration list for PBXNativeTarget "Congressional App Challenge 2018UITests" */;
			buildPhases = (
				D7F8019720CF1C3D00B8CA7F /* Sources */,
				D7F8019820CF1C3D00B8CA7F /* Frameworks */,
				D7F8019920CF1C3D00B8CA7F /* Resources */,
			);
			buildRules = (
			);
			dependencies = (
				D7F8019D20CF1C3D00B8CA7F /* PBXTargetDependency */,
			);
			name = "Congressional App Challenge 2018UITests";
			productName = "Congressional App Challenge 2018UITests";
			productReference = D7F8019B20CF1C3D00B8CA7F /* Congressional App Challenge 2018UITests.xctest */;
			productType = "com.apple.product-type.bundle.ui-testing";
		};
/* End PBXNativeTarget section */

/* Begin PBXProject section */
		D7F8016F20CF1C3B00B8CA7F /* Project object */ = {
			isa = PBXProject;
			attributes = {
				LastSwiftUpdateCheck = 1000;
				LastUpgradeCheck = 1000;
				ORGANIZATIONNAME = "Larson Carter";
				TargetAttributes = {
					D7F8017620CF1C3B00B8CA7F = {
						CreatedOnToolsVersion = 10.0;
						LastSwiftMigration = 1000;
					};
					D7F8018F20CF1C3D00B8CA7F = {
						CreatedOnToolsVersion = 10.0;
						TestTargetID = D7F8017620CF1C3B00B8CA7F;
					};
					D7F8019A20CF1C3D00B8CA7F = {
						CreatedOnToolsVersion = 10.0;
						TestTargetID = D7F8017620CF1C3B00B8CA7F;
					};
				};
			};
			buildConfigurationList = D7F8017220CF1C3B00B8CA7F /* Build configuration list for PBXProject "Congressional App Challenge 2018" */;
			compatibilityVersion = "Xcode 9.3";
			developmentRegion = en;
			hasScannedForEncodings = 0;
			knownRegions = (
				en,
				Base,
			);
			mainGroup = D7F8016E20CF1C3B00B8CA7F;
			productRefGroup = D7F8017820CF1C3B00B8CA7F /* Products */;
			projectDirPath = "";
			projectRoot = "";
			targets = (
				D7F8017620CF1C3B00B8CA7F /* Congressional App Challenge 2018 */,
				D7F8018F20CF1C3D00B8CA7F /* Congressional App Challenge 2018Tests */,
				D7F8019A20CF1C3D00B8CA7F /* Congressional App Challenge 2018UITests */,
			);
		};
/* End PBXProject section */

/* Begin PBXResourcesBuildPhase section */
		D7F8017520CF1C3B00B8CA7F /* Resources */ = {
			isa = PBXResourcesBuildPhase;
			buildActionMask = 2147483647;
			files = (
				D7F8018A20CF1C3D00B8CA7F /* LaunchScreen.storyboard in Resources */,
				D7F8018720CF1C3D00B8CA7F /* Assets.xcassets in Resources */,
				D7F8018520CF1C3B00B8CA7F /* Main.storyboard in Resources */,
			);
			runOnlyForDeploymentPostprocessing = 0;
		};
		D7F8018E20CF1C3D00B8CA7F /* Resources */ = {
			isa = PBXResourcesBuildPhase;
			buildActionMask = 2147483647;
			files = (
			);
			runOnlyForDeploymentPostprocessing = 0;
		};
		D7F8019920CF1C3D00B8CA7F /* Resources */ = {
			isa = PBXResourcesBuildPhase;
			buildActionMask = 2147483647;
			files = (
			);
			runOnlyForDeploymentPostprocessing = 0;
		};
/* End PBXResourcesBuildPhase section */

/* Begin PBXSourcesBuildPhase section */
		D7F8017320CF1C3B00B8CA7F /* Sources */ = {
			isa = PBXSourcesBuildPhase;
			buildActionMask = 2147483647;
			files = (
				D7CF871020CF25FB007D107D /* NOTES.c in Sources */,
				D7F8017E20CF1C3B00B8CA7F /* Congressional_App_Challenge_2018.xcdatamodeld in Sources */,
				D7F801B620CF22B500B8CA7F /* codetracking.c in Sources */,
				D7F801BA20CF22EC00B8CA7F /* compiledebugging.cpp in Sources */,
				D7F8017B20CF1C3B00B8CA7F /* AppDelegate.swift in Sources */,
				D7CF871220CF2612007D107D /* NOTES.cpp in Sources */,
				D7F8018020CF1C3B00B8CA7F /* MasterViewController.swift in Sources */,
				D7F801B120CF226300B8CA7F /* feedback.c in Sources */,
				D7F8018220CF1C3B00B8CA7F /* DetailViewController.swift in Sources */,
				D7CF871420CF262B007D107D /* NOTES.metal in Sources */,
				D7CF870E20CF25DA007D107D /* NOTES.swift in Sources */,
			);
			runOnlyForDeploymentPostprocessing = 0;
		};
		D7F8018C20CF1C3D00B8CA7F /* Sources */ = {
			isa = PBXSourcesBuildPhase;
			buildActionMask = 2147483647;
			files = (
				D7F8019520CF1C3D00B8CA7F /* Congressional_App_Challenge_2018Tests.swift in Sources */,
			);
			runOnlyForDeploymentPostprocessing = 0;
		};
		D7F8019720CF1C3D00B8CA7F /* Sources */ = {
			isa = PBXSourcesBuildPhase;
			buildActionMask = 2147483647;
			files = (
				D7F801A020CF1C3D00B8CA7F /* Congressional_App_Challenge_2018UITests.swift in Sources */,
			);
			runOnlyForDeploymentPostprocessing = 0;
		};
/* End PBXSourcesBuildPhase section */

/* Begin PBXTargetDependency section */
		D7F8019220CF1C3D00B8CA7F /* PBXTargetDependency */ = {
			isa = PBXTargetDependency;
			target = D7F8017620CF1C3B00B8CA7F /* Congressional App Challenge 2018 */;
			targetProxy = D7F8019120CF1C3D00B8CA7F /* PBXContainerItemProxy */;
		};
		D7F8019D20CF1C3D00B8CA7F /* PBXTargetDependency */ = {
			isa = PBXTargetDependency;
			target = D7F8017620CF1C3B00B8CA7F /* Congressional App Challenge 2018 */;
			targetProxy = D7F8019C20CF1C3D00B8CA7F /* PBXContainerItemProxy */;
		};
/* End PBXTargetDependency section */

/* Begin PBXVariantGroup section */
		D7F8018320CF1C3B00B8CA7F /* Main.storyboard */ = {
			isa = PBXVariantGroup;
			children = (
				D7F8018420CF1C3B00B8CA7F /* Base */,
			);
			name = Main.storyboard;
			sourceTree = "<group>";
		};
		D7F8018820CF1C3D00B8CA7F /* LaunchScreen.storyboard */ = {
			isa = PBXVariantGroup;
			children = (
				D7F8018920CF1C3D00B8CA7F /* Base */,
			);
			name = LaunchScreen.storyboard;
			sourceTree = "<group>";
		};
/* End PBXVariantGroup section */

/* Begin XCBuildConfiguration section */
		D7F801A220CF1C3D00B8CA7F /* Debug */ = {
			isa = XCBuildConfiguration;
			buildSettings = {
				ALWAYS_SEARCH_USER_PATHS = NO;
				CLANG_ANALYZER_NONNULL = YES;
				CLANG_ANALYZER_NUMBER_OBJECT_CONVERSION = YES_AGGRESSIVE;
				CLANG_CXX_LANGUAGE_STANDARD = "gnu++14";
				CLANG_CXX_LIBRARY = "libc++";
				CLANG_ENABLE_MODULES = YES;
				CLANG_ENABLE_OBJC_ARC = YES;
				CLANG_ENABLE_OBJC_WEAK = YES;
				CLANG_WARN_BLOCK_CAPTURE_AUTORELEASING = YES;
				CLANG_WARN_BOOL_CONVERSION = YES;
				CLANG_WARN_COMMA = YES;
				CLANG_WARN_CONSTANT_CONVERSION = YES;
				CLANG_WARN_DEPRECATED_OBJC_IMPLEMENTATIONS = YES;
				CLANG_WARN_DIRECT_OBJC_ISA_USAGE = YES_ERROR;
				CLANG_WARN_DOCUMENTATION_COMMENTS = YES;
				CLANG_WARN_EMPTY_BODY = YES;
				CLANG_WARN_ENUM_CONVERSION = YES;
				CLANG_WARN_INFINITE_RECURSION = YES;
				CLANG_WARN_INT_CONVERSION = YES;
				CLANG_WARN_NON_LITERAL_NULL_CONVERSION = YES;
				CLANG_WARN_OBJC_IMPLICIT_RETAIN_SELF = YES;
				CLANG_WARN_OBJC_LITERAL_CONVERSION = YES;
				CLANG_WARN_OBJC_ROOT_CLASS = YES_ERROR;
				CLANG_WARN_RANGE_LOOP_ANALYSIS = YES;
				CLANG_WARN_STRICT_PROTOTYPES = YES;
				CLANG_WARN_SUSPICIOUS_MOVE = YES;
				CLANG_WARN_UNGUARDED_AVAILABILITY = YES_AGGRESSIVE;
				CLANG_WARN_UNREACHABLE_CODE = YES;
				CLANG_WARN__DUPLICATE_METHOD_MATCH = YES;
				CODE_SIGN_IDENTITY = "iPhone Developer";
				COPY_PHASE_STRIP = NO;
				DEBUG_INFORMATION_FORMAT = dwarf;
				ENABLE_STRICT_OBJC_MSGSEND = YES;
				ENABLE_TESTABILITY = YES;
				GCC_C_LANGUAGE_STANDARD = gnu11;
				GCC_DYNAMIC_NO_PIC = NO;
				GCC_NO_COMMON_BLOCKS = YES;
				GCC_OPTIMIZATION_LEVEL = 0;
				GCC_PREPROCESSOR_DEFINITIONS = (
					"DEBUG=1",
					"$(inherited)",
				);
				GCC_WARN_64_TO_32_BIT_CONVERSION = YES;
				GCC_WARN_ABOUT_RETURN_TYPE = YES_ERROR;
				GCC_WARN_UNDECLARED_SELECTOR = YES;
				GCC_WARN_UNINITIALIZED_AUTOS = YES_AGGRESSIVE;
				GCC_WARN_UNUSED_FUNCTION = YES;
				GCC_WARN_UNUSED_VARIABLE = YES;
				IPHONEOS_DEPLOYMENT_TARGET = 12.0;
				MTL_ENABLE_DEBUG_INFO = INCLUDE_SOURCE;
				ONLY_ACTIVE_ARCH = YES;
				SDKROOT = iphoneos;
				SWIFT_ACTIVE_COMPILATION_CONDITIONS = DEBUG;
				SWIFT_OPTIMIZATION_LEVEL = "-Onone";
			};
			name = Debug;
		};
		D7F801A320CF1C3D00B8CA7F /* Release */ = {
			isa = XCBuildConfiguration;
			buildSettings = {
				ALWAYS_SEARCH_USER_PATHS = NO;
				CLANG_ANALYZER_NONNULL = YES;
				CLANG_ANALYZER_NUMBER_OBJECT_CONVERSION = YES_AGGRESSIVE;
				CLANG_CXX_LANGUAGE_STANDARD = "gnu++14";
				CLANG_CXX_LIBRARY = "libc++";
				CLANG_ENABLE_MODULES = YES;
				CLANG_ENABLE_OBJC_ARC = YES;
				CLANG_ENABLE_OBJC_WEAK = YES;
				CLANG_WARN_BLOCK_CAPTURE_AUTORELEASING = YES;
				CLANG_WARN_BOOL_CONVERSION = YES;
				CLANG_WARN_COMMA = YES;
				CLANG_WARN_CONSTANT_CONVERSION = YES;
				CLANG_WARN_DEPRECATED_OBJC_IMPLEMENTATIONS = YES;
				CLANG_WARN_DIRECT_OBJC_ISA_USAGE = YES_ERROR;
				CLANG_WARN_DOCUMENTATION_COMMENTS = YES;
				CLANG_WARN_EMPTY_BODY = YES;
				CLANG_WARN_ENUM_CONVERSION = YES;
				CLANG_WARN_INFINITE_RECURSION = YES;
				CLANG_WARN_INT_CONVERSION = YES;
				CLANG_WARN_NON_LITERAL_NULL_CONVERSION = YES;
				CLANG_WARN_OBJC_IMPLICIT_RETAIN_SELF = YES;
				CLANG_WARN_OBJC_LITERAL_CONVERSION = YES;
				CLANG_WARN_OBJC_ROOT_CLASS = YES_ERROR;
				CLANG_WARN_RANGE_LOOP_ANALYSIS = YES;
				CLANG_WARN_STRICT_PROTOTYPES = YES;
				CLANG_WARN_SUSPICIOUS_MOVE = YES;
				CLANG_WARN_UNGUARDED_AVAILABILITY = YES_AGGRESSIVE;
				CLANG_WARN_UNREACHABLE_CODE = YES;
				CLANG_WARN__DUPLICATE_METHOD_MATCH = YES;
				CODE_SIGN_IDENTITY = "iPhone Developer";
				COPY_PHASE_STRIP = NO;
				DEBUG_INFORMATION_FORMAT = "dwarf-with-dsym";
				ENABLE_NS_ASSERTIONS = NO;
				ENABLE_STRICT_OBJC_MSGSEND = YES;
				GCC_C_LANGUAGE_STANDARD = gnu11;
				GCC_NO_COMMON_BLOCKS = YES;
				GCC_WARN_64_TO_32_BIT_CONVERSION = YES;
				GCC_WARN_ABOUT_RETURN_TYPE = YES_ERROR;
				GCC_WARN_UNDECLARED_SELECTOR = YES;
				GCC_WARN_UNINITIALIZED_AUTOS = YES_AGGRESSIVE;
				GCC_WARN_UNUSED_FUNCTION = YES;
				GCC_WARN_UNUSED_VARIABLE = YES;
				IPHONEOS_DEPLOYMENT_TARGET = 12.0;
				MTL_ENABLE_DEBUG_INFO = NO;
				SDKROOT = iphoneos;
				SWIFT_COMPILATION_MODE = wholemodule;
				SWIFT_OPTIMIZATION_LEVEL = "-O";
				VALIDATE_PRODUCT = YES;
			};
			name = Release;
		};
		D7F801A520CF1C3D00B8CA7F /* Debug */ = {
			isa = XCBuildConfiguration;
			buildSettings = {
				ASSETCATALOG_COMPILER_APPICON_NAME = AppIcon;
				CLANG_ENABLE_MODULES = YES;
				CODE_SIGN_STYLE = Automatic;
				DEVELOPMENT_TEAM = U4Q3GQVC5T;
				INFOPLIST_FILE = "Congressional App Challenge 2018/Info.plist";
				IPHONEOS_DEPLOYMENT_TARGET = 11.4;
				LD_RUNPATH_SEARCH_PATHS = (
					"$(inherited)",
					"@executable_path/Frameworks",
				);
				PRODUCT_BUNDLE_IDENTIFIER = "LCPRODUCTIONS.Congressional-App-Challenge-2018";
				PRODUCT_NAME = "$(TARGET_NAME)";
				SWIFT_OBJC_BRIDGING_HEADER = "Congressional App Challenge 2018/TERMINAL-DEBUGGING/Congressional App Challenge 2018-Bridging-Header.h";
				SWIFT_OPTIMIZATION_LEVEL = "-Onone";
				SWIFT_VERSION = 4.2;
				TARGETED_DEVICE_FAMILY = 1;
			};
			name = Debug;
		};
		D7F801A620CF1C3D00B8CA7F /* Release */ = {
			isa = XCBuildConfiguration;
			buildSettings = {
				ASSETCATALOG_COMPILER_APPICON_NAME = AppIcon;
				CLANG_ENABLE_MODULES = YES;
				CODE_SIGN_STYLE = Automatic;
				DEVELOPMENT_TEAM = U4Q3GQVC5T;
				INFOPLIST_FILE = "Congressional App Challenge 2018/Info.plist";
				IPHONEOS_DEPLOYMENT_TARGET = 11.4;
				LD_RUNPATH_SEARCH_PATHS = (
					"$(inherited)",
					"@executable_path/Frameworks",
				);
				PRODUCT_BUNDLE_IDENTIFIER = "LCPRODUCTIONS.Congressional-App-Challenge-2018";
				PRODUCT_NAME = "$(TARGET_NAME)";
				SWIFT_OBJC_BRIDGING_HEADER = "Congressional App Challenge 2018/TERMINAL-DEBUGGING/Congressional App Challenge 2018-Bridging-Header.h";
				SWIFT_VERSION = 4.2;
				TARGETED_DEVICE_FAMILY = 1;
			};
			name = Release;
		};
		D7F801A820CF1C3D00B8CA7F /* Debug */ = {
			isa = XCBuildConfiguration;
			buildSettings = {
				ALWAYS_EMBED_SWIFT_STANDARD_LIBRARIES = YES;
				BUNDLE_LOADER = "$(TEST_HOST)";
				CODE_SIGN_STYLE = Automatic;
				DEVELOPMENT_TEAM = U4Q3GQVC5T;
				INFOPLIST_FILE = "Congressional App Challenge 2018Tests/Info.plist";
				LD_RUNPATH_SEARCH_PATHS = (
					"$(inherited)",
					"@executable_path/Frameworks",
					"@loader_path/Frameworks",
				);
				PRODUCT_BUNDLE_IDENTIFIER = "LCPRODUCTIONS.Congressional-App-Challenge-2018Tests";
				PRODUCT_NAME = "$(TARGET_NAME)";
				SWIFT_VERSION = 4.2;
				TARGETED_DEVICE_FAMILY = "1,2";
				TEST_HOST = "$(BUILT_PRODUCTS_DIR)/Congressional App Challenge 2018.app/Congressional App Challenge 2018";
			};
			name = Debug;
		};
		D7F801A920CF1C3D00B8CA7F /* Release */ = {
			isa = XCBuildConfiguration;
			buildSettings = {
				ALWAYS_EMBED_SWIFT_STANDARD_LIBRARIES = YES;
				BUNDLE_LOADER = "$(TEST_HOST)";
				CODE_SIGN_STYLE = Automatic;
				DEVELOPMENT_TEAM = U4Q3GQVC5T;
				INFOPLIST_FILE = "Congressional App Challenge 2018Tests/Info.plist";
				LD_RUNPATH_SEARCH_PATHS = (
					"$(inherited)",
					"@executable_path/Frameworks",
					"@loader_path/Frameworks",
				);
				PRODUCT_BUNDLE_IDENTIFIER = "LCPRODUCTIONS.Congressional-App-Challenge-2018Tests";
				PRODUCT_NAME = "$(TARGET_NAME)";
				SWIFT_VERSION = 4.2;
				TARGETED_DEVICE_FAMILY = "1,2";
				TEST_HOST = "$(BUILT_PRODUCTS_DIR)/Congressional App Challenge 2018.app/Congressional App Challenge 2018";
			};
			name = Release;
		};
		D7F801AB20CF1C3D00B8CA7F /* Debug */ = {
			isa = XCBuildConfiguration;
			buildSettings = {
				ALWAYS_EMBED_SWIFT_STANDARD_LIBRARIES = YES;
				CODE_SIGN_STYLE = Automatic;
				DEVELOPMENT_TEAM = U4Q3GQVC5T;
				INFOPLIST_FILE = "Congressional App Challenge 2018UITests/Info.plist";
				LD_RUNPATH_SEARCH_PATHS = (
					"$(inherited)",
					"@executable_path/Frameworks",
					"@loader_path/Frameworks",
				);
				PRODUCT_BUNDLE_IDENTIFIER = "LCPRODUCTIONS.Congressional-App-Challenge-2018UITests";
				PRODUCT_NAME = "$(TARGET_NAME)";
				SWIFT_VERSION = 4.2;
				TARGETED_DEVICE_FAMILY = "1,2";
				TEST_TARGET_NAME = "Congressional App Challenge 2018";
			};
			name = Debug;
		};
		D7F801AC20CF1C3D00B8CA7F /* Release */ = {
			isa = XCBuildConfiguration;
			buildSettings = {
				ALWAYS_EMBED_SWIFT_STANDARD_LIBRARIES = YES;
				CODE_SIGN_STYLE = Automatic;
				DEVELOPMENT_TEAM = U4Q3GQVC5T;
				INFOPLIST_FILE = "Congressional App Challenge 2018UITests/Info.plist";
				LD_RUNPATH_SEARCH_PATHS = (
					"$(inherited)",
					"@executable_path/Frameworks",
					"@loader_path/Frameworks",
				);
				PRODUCT_BUNDLE_IDENTIFIER = "LCPRODUCTIONS.Congressional-App-Challenge-2018UITests";
				PRODUCT_NAME = "$(TARGET_NAME)";
				SWIFT_VERSION = 4.2;
				TARGETED_DEVICE_FAMILY = "1,2";
				TEST_TARGET_NAME = "Congressional App Challenge 2018";
			};
			name = Release;
		};
/* End XCBuildConfiguration section */

/* Begin XCConfigurationList section */
		D7F8017220CF1C3B00B8CA7F /* Build configuration list for PBXProject "Congressional App Challenge 2018" */ = {
			isa = XCConfigurationList;
			buildConfigurations = (
				D7F801A220CF1C3D00B8CA7F /* Debug */,
				D7F801A320CF1C3D00B8CA7F /* Release */,
			);
			defaultConfigurationIsVisible = 0;
			defaultConfigurationName = Release;
		};
		D7F801A420CF1C3D00B8CA7F /* Build configuration list for PBXNativeTarget "Congressional App Challenge 2018" */ = {
			isa = XCConfigurationList;
			buildConfigurations = (
				D7F801A520CF1C3D00B8CA7F /* Debug */,
				D7F801A620CF1C3D00B8CA7F /* Release */,
			);
			defaultConfigurationIsVisible = 0;
			defaultConfigurationName = Release;
		};
		D7F801A720CF1C3D00B8CA7F /* Build configuration list for PBXNativeTarget "Congressional App Challenge 2018Tests" */ = {
			isa = XCConfigurationList;
			buildConfigurations = (
				D7F801A820CF1C3D00B8CA7F /* Debug */,
				D7F801A920CF1C3D00B8CA7F /* Release */,
			);
			defaultConfigurationIsVisible = 0;
			defaultConfigurationName = Release;
		};
		D7F801AA20CF1C3D00B8CA7F /* Build configuration list for PBXNativeTarget "Congressional App Challenge 2018UITests" */ = {
			isa = XCConfigurationList;
			buildConfigurations = (
				D7F801AB20CF1C3D00B8CA7F /* Debug */,
				D7F801AC20CF1C3D00B8CA7F /* Release */,
			);
			defaultConfigurationIsVisible = 0;
			defaultConfigurationName = Release;
		};
/* End XCConfigurationList section */

/* Begin XCVersionGroup section */
		D7F8017C20CF1C3B00B8CA7F /* Congressional_App_Challenge_2018.xcdatamodeld */ = {
			isa = XCVersionGroup;
			children = (
				D7F8017D20CF1C3B00B8CA7F /* Congressional_App_Challenge_2018.xcdatamodel */,
			);
			currentVersion = D7F8017D20CF1C3B00B8CA7F /* Congressional_App_Challenge_2018.xcdatamodel */;
			path = Congressional_App_Challenge_2018.xcdatamodeld;
			sourceTree = "<group>";
			versionGroupType = wrapper.xcdatamodel;
		};
/* End XCVersionGroup section */
	};
	rootObject = D7F8016F20CF1C3B00B8CA7F /* Project object */;
}
